
Microsoft Visual Studio Solution File, Format Version 12.00
# Visual Studio Version 16
VisualStudioVersion = 16.0.30907.101
MinimumVisualStudioVersion = 10.0.40219.1
Project("{FAE04EC0-301F-11D3-BF4B-00C04F79EFBC}") = "Calculadora", "Calculadora\Calculadora.csproj", "{9114F315-67FD-44EB-8853-720B8547262A}"
EndProject
Global
	GlobalSection(SolutionConfigurationPlatforms) = preSolution
		Debug|Any CPU = Debug|Any CPU
		Release|Any CPU = Release|Any CPU
	EndGlobalSection
	GlobalSection(ProjectConfigurationPlatforms) = postSolution
		{9114F315-67FD-44EB-8853-720B8547262A}.Debug|Any CPU.ActiveCfg = Debug|Any CPU
		{9114F315-67FD-44EB-8853-720B8547262A}.Debug|Any CPU.Build.0 = Debug|Any CPU
		{9114F315-67FD-44EB-8853-720B8547262A}.Release|Any CPU.ActiveCfg = Release|Any CPU
		{9114F315-67FD-44EB-8853-720B8547262A}.Release|Any CPU.Build.0 = Release|Any CPU
	EndGlobalSection
	GlobalSection(SolutionProperties) = preSolution
		HideSolutionNode = FALSE
	EndGlobalSection
	GlobalSection(ExtensibilityGlobals) = postSolution
		SolutionGuid = {A8A3D5AA-77E8-4DFB-83C0-E098D2C6B285}
	EndGlobalSection
EndGlobal
